
Microsoft Visual Studio Solution File, Format Version 12.00
# Visual Studio Version 16
VisualStudioVersion = 16.0.29326.143
MinimumVisualStudioVersion = 10.0.40219.1
Project("{FAE04EC0-301F-11D3-BF4B-00C04F79EFBC}") = "CRUD_StockManagement", "CRUD_StockManagement\CRUD_StockManagement.csproj", "{71BE140C-6E2D-4B50-96A7-C82D42E9DB90}"
EndProject
Global
	GlobalSection(SolutionConfigurationPlatforms) = preSolution
		Debug|Any CPU = Debug|Any CPU
		Release|Any CPU = Release|Any CPU
	EndGlobalSection
	GlobalSection(ProjectConfigurationPlatforms) = postSolution
		{71BE140C-6E2D-4B50-96A7-C82D42E9DB90}.Debug|Any CPU.ActiveCfg = Debug|Any CPU
		{71BE140C-6E2D-4B50-96A7-C82D42E9DB90}.Debug|Any CPU.Build.0 = Debug|Any CPU
		{71BE140C-6E2D-4B50-96A7-C82D42E9DB90}.Release|Any CPU.ActiveCfg = Release|Any CPU
		{71BE140C-6E2D-4B50-96A7-C82D42E9DB90}.Release|Any CPU.Build.0 = Release|Any CPU
	EndGlobalSection
	GlobalSection(SolutionProperties) = preSolution
		HideSolutionNode = FALSE
	EndGlobalSection
	GlobalSection(ExtensibilityGlobals) = postSolution
		SolutionGuid = {127FAC5C-9AA9-4239-A0A5-93FE028DD690}
	EndGlobalSection
EndGlobal
