
Microsoft Visual Studio Solution File, Format Version 12.00
# Visual Studio Version 16
VisualStudioVersion = 16.0.30907.101
MinimumVisualStudioVersion = 10.0.40219.1
Project("{FAE04EC0-301F-11D3-BF4B-00C04F79EFBC}") = "Waterfall PRJ", "Waterfall PRJ\Waterfall PRJ.csproj", "{F9A425D3-9B50-4E5F-9641-3A5D136EBE0B}"
EndProject
Global
	GlobalSection(SolutionConfigurationPlatforms) = preSolution
		Debug|Any CPU = Debug|Any CPU
		Release|Any CPU = Release|Any CPU
	EndGlobalSection
	GlobalSection(ProjectConfigurationPlatforms) = postSolution
		{F9A425D3-9B50-4E5F-9641-3A5D136EBE0B}.Debug|Any CPU.ActiveCfg = Debug|Any CPU
		{F9A425D3-9B50-4E5F-9641-3A5D136EBE0B}.Debug|Any CPU.Build.0 = Debug|Any CPU
		{F9A425D3-9B50-4E5F-9641-3A5D136EBE0B}.Release|Any CPU.ActiveCfg = Release|Any CPU
		{F9A425D3-9B50-4E5F-9641-3A5D136EBE0B}.Release|Any CPU.Build.0 = Release|Any CPU
	EndGlobalSection
	GlobalSection(SolutionProperties) = preSolution
		HideSolutionNode = FALSE
	EndGlobalSection
	GlobalSection(ExtensibilityGlobals) = postSolution
		SolutionGuid = {D30DC014-BD75-4AC6-A2A0-3ECDA67AA80D}
	EndGlobalSection
EndGlobal
